
Microsoft Visual Studio Solution File, Format Version 12.00
# Visual Studio Version 17
VisualStudioVersion = 17.5.002.0
MinimumVisualStudioVersion = 10.0.40219.1
Project("{9A19103F-16F7-4668-BE54-9A1E7A4F7556}") = "Lojinha.Order.API", "Lojinha.Order.API.csproj", "{987E5C02-21F1-4F3D-8291-5EC05F54022C}"
EndProject
Global
	GlobalSection(SolutionConfigurationPlatforms) = preSolution
		Debug|Any CPU = Debug|Any CPU
		Release|Any CPU = Release|Any CPU
	EndGlobalSection
	GlobalSection(ProjectConfigurationPlatforms) = postSolution
		{987E5C02-21F1-4F3D-8291-5EC05F54022C}.Debug|Any CPU.ActiveCfg = Debug|Any CPU
		{987E5C02-21F1-4F3D-8291-5EC05F54022C}.Debug|Any CPU.Build.0 = Debug|Any CPU
		{987E5C02-21F1-4F3D-8291-5EC05F54022C}.Release|Any CPU.ActiveCfg = Release|Any CPU
		{987E5C02-21F1-4F3D-8291-5EC05F54022C}.Release|Any CPU.Build.0 = Release|Any CPU
	EndGlobalSection
	GlobalSection(SolutionProperties) = preSolution
		HideSolutionNode = FALSE
	EndGlobalSection
	GlobalSection(ExtensibilityGlobals) = postSolution
		SolutionGuid = {47509376-34FF-4700-91F1-4998C14F998A}
	EndGlobalSection
EndGlobal
