
Microsoft Visual Studio Solution File, Format Version 12.00
# Visual Studio Version 17
VisualStudioVersion = 17.5.002.0
MinimumVisualStudioVersion = 10.0.40219.1
Project("{9A19103F-16F7-4668-BE54-9A1E7A4F7556}") = "Lojinha.Coupon.API", "Lojinha.Coupon.API.csproj", "{BF4519DA-93FE-4CAE-9E0D-3D96760787C8}"
EndProject
Global
	GlobalSection(SolutionConfigurationPlatforms) = preSolution
		Debug|Any CPU = Debug|Any CPU
		Release|Any CPU = Release|Any CPU
	EndGlobalSection
	GlobalSection(ProjectConfigurationPlatforms) = postSolution
		{BF4519DA-93FE-4CAE-9E0D-3D96760787C8}.Debug|Any CPU.ActiveCfg = Debug|Any CPU
		{BF4519DA-93FE-4CAE-9E0D-3D96760787C8}.Debug|Any CPU.Build.0 = Debug|Any CPU
		{BF4519DA-93FE-4CAE-9E0D-3D96760787C8}.Release|Any CPU.ActiveCfg = Release|Any CPU
		{BF4519DA-93FE-4CAE-9E0D-3D96760787C8}.Release|Any CPU.Build.0 = Release|Any CPU
	EndGlobalSection
	GlobalSection(SolutionProperties) = preSolution
		HideSolutionNode = FALSE
	EndGlobalSection
	GlobalSection(ExtensibilityGlobals) = postSolution
		SolutionGuid = {F8AAC91F-AC7E-4A86-9A8E-DBE88478B3F8}
	EndGlobalSection
EndGlobal
